// !$*UTF8*$!
{
	archiveVersion = 1;
	classes = {
	};
	objectVersion = 50;
	objects = {

/* Begin PBXBuildFile section */
		040FD99C248685AD00B80C8E /* WeatherServiceTestCase.swift in Sources */ = {isa = PBXBuildFile; fileRef = 040FD99B248685AD00B80C8E /* WeatherServiceTestCase.swift */; };
		040FD9A42486861500B80C8E /* Weather.json in Resources */ = {isa = PBXBuildFile; fileRef = 040FD9A32486861500B80C8E /* Weather.json */; };
		040FD9A62486865600B80C8E /* FakeResponseData.swift in Sources */ = {isa = PBXBuildFile; fileRef = 040FD9A52486865600B80C8E /* FakeResponseData.swift */; };
		040FD9A8248686AA00B80C8E /* URLSessionFake.swift in Sources */ = {isa = PBXBuildFile; fileRef = 040FD9A7248686AA00B80C8E /* URLSessionFake.swift */; };
		0426BCB82488FD3E00E48D04 /* FixerService.swift in Sources */ = {isa = PBXBuildFile; fileRef = 0426BCB72488FD3E00E48D04 /* FixerService.swift */; };
		0426BCBA2489130D00E48D04 /* FixerJSON.swift in Sources */ = {isa = PBXBuildFile; fileRef = 0426BCB92489130D00E48D04 /* FixerJSON.swift */; };
		0495BDF124795DC1000679D9 /* WeatherViewController.swift in Sources */ = {isa = PBXBuildFile; fileRef = 0495BDF024795DC1000679D9 /* WeatherViewController.swift */; };
		049856662488A6BA006F1ACD /* FixerViewController.swift in Sources */ = {isa = PBXBuildFile; fileRef = 049856652488A6BA006F1ACD /* FixerViewController.swift */; };
		04C6A0832478D0A300F3975E /* AppDelegate.swift in Sources */ = {isa = PBXBuildFile; fileRef = 04C6A0822478D0A300F3975E /* AppDelegate.swift */; };
		04C6A0852478D0A300F3975E /* SceneDelegate.swift in Sources */ = {isa = PBXBuildFile; fileRef = 04C6A0842478D0A300F3975E /* SceneDelegate.swift */; };
		04C6A08A2478D0A300F3975E /* Main.storyboard in Resources */ = {isa = PBXBuildFile; fileRef = 04C6A0882478D0A300F3975E /* Main.storyboard */; };
		04C6A08C2478D0A600F3975E /* Assets.xcassets in Resources */ = {isa = PBXBuildFile; fileRef = 04C6A08B2478D0A600F3975E /* Assets.xcassets */; };
		04C6A08F2478D0A600F3975E /* LaunchScreen.storyboard in Resources */ = {isa = PBXBuildFile; fileRef = 04C6A08D2478D0A600F3975E /* LaunchScreen.storyboard */; };
		04D983E3247A712800ED1852 /* WeatherService.swift in Sources */ = {isa = PBXBuildFile; fileRef = 04D983E2247A712800ED1852 /* WeatherService.swift */; };
		04D983E5247A74B600ED1852 /* WeatherJSON.swift in Sources */ = {isa = PBXBuildFile; fileRef = 04D983E4247A74B500ED1852 /* WeatherJSON.swift */; };
		04D983E7247A76F000ED1852 /* CityData.swift in Sources */ = {isa = PBXBuildFile; fileRef = 04D983E6247A76F000ED1852 /* CityData.swift */; };
		7B40DF1124948270001126D4 /* TranslationService.swift in Sources */ = {isa = PBXBuildFile; fileRef = 7B40DF1024948270001126D4 /* TranslationService.swift */; };
		7B40DF132495CB57001126D4 /* FixerServiceTestCase.swift in Sources */ = {isa = PBXBuildFile; fileRef = 7B40DF122495CB57001126D4 /* FixerServiceTestCase.swift */; };
		7B463C3924A447A5008CDD70 /* TranslateViewController.swift in Sources */ = {isa = PBXBuildFile; fileRef = 7B463C3824A447A5008CDD70 /* TranslateViewController.swift */; };
		7B46CBC224B2DF2300425AAC /* HTTPClient.swift in Sources */ = {isa = PBXBuildFile; fileRef = 7B46CBC124B2DF2300425AAC /* HTTPClient.swift */; };
		7B4DFA2B248E298F00DE7340 /* WeatherDataTestCase.swift in Sources */ = {isa = PBXBuildFile; fileRef = 7B4DFA2A248E298F00DE7340 /* WeatherDataTestCase.swift */; };
		7B5CE5F624936EE8006B6259 /* Fixer.json in Resources */ = {isa = PBXBuildFile; fileRef = 7B5CE5F524936EE8006B6259 /* Fixer.json */; };
		7B5F70D624ACA56C00A3802B /* Translate.json in Resources */ = {isa = PBXBuildFile; fileRef = 7B5F70D524ACA56C00A3802B /* Translate.json */; };
		7B5F70D824ACA62700A3802B /* TranslateServiceTestCase.swift in Sources */ = {isa = PBXBuildFile; fileRef = 7B5F70D724ACA62700A3802B /* TranslateServiceTestCase.swift */; };
		7B6069ED24ADF15C006EF207 /* HTTPEngine.swift in Sources */ = {isa = PBXBuildFile; fileRef = 7B6069EC24ADF15C006EF207 /* HTTPEngine.swift */; };
		7B6069EF24AF23C6006EF207 /* Logger.swift in Sources */ = {isa = PBXBuildFile; fileRef = 7B6069EE24AF23C6006EF207 /* Logger.swift */; };
		7B9EC66824A708E500EEC220 /* TranslateJSON.swift in Sources */ = {isa = PBXBuildFile; fileRef = 7B9EC66724A708E500EEC220 /* TranslateJSON.swift */; };
/* End PBXBuildFile section */

/* Begin PBXContainerItemProxy section */
		040FD99E248685AD00B80C8E /* PBXContainerItemProxy */ = {
			isa = PBXContainerItemProxy;
			containerPortal = 04C6A0772478D0A300F3975E /* Project object */;
			proxyType = 1;
			remoteGlobalIDString = 04C6A07E2478D0A300F3975E;
			remoteInfo = "Le Baluchon";
		};
/* End PBXContainerItemProxy section */

/* Begin PBXFileReference section */
		040FD999248685AD00B80C8E /* Le BaluchonTests */ = {isa = PBXFileReference; explicitFileType = wrapper.cfbundle; includeInIndex = 0; name = "Le BaluchonTests"; path = "Le BaluchonTests.xctest"; sourceTree = BUILT_PRODUCTS_DIR; };
		040FD99B248685AD00B80C8E /* WeatherServiceTestCase.swift */ = {isa = PBXFileReference; lastKnownFileType = sourcecode.swift; path = WeatherServiceTestCase.swift; sourceTree = "<group>"; };
		040FD99D248685AD00B80C8E /* Info.plist */ = {isa = PBXFileReference; lastKnownFileType = text.plist.xml; path = Info.plist; sourceTree = "<group>"; };
		040FD9A32486861500B80C8E /* Weather.json */ = {isa = PBXFileReference; lastKnownFileType = text.json; path = Weather.json; sourceTree = "<group>"; };
		040FD9A52486865600B80C8E /* FakeResponseData.swift */ = {isa = PBXFileReference; lastKnownFileType = sourcecode.swift; path = FakeResponseData.swift; sourceTree = "<group>"; };
		040FD9A7248686AA00B80C8E /* URLSessionFake.swift */ = {isa = PBXFileReference; lastKnownFileType = sourcecode.swift; path = URLSessionFake.swift; sourceTree = "<group>"; };
		0426BCB72488FD3E00E48D04 /* FixerService.swift */ = {isa = PBXFileReference; lastKnownFileType = sourcecode.swift; path = FixerService.swift; sourceTree = "<group>"; };
		0426BCB92489130D00E48D04 /* FixerJSON.swift */ = {isa = PBXFileReference; lastKnownFileType = sourcecode.swift; path = FixerJSON.swift; sourceTree = "<group>"; };
		0495BDF024795DC1000679D9 /* WeatherViewController.swift */ = {isa = PBXFileReference; lastKnownFileType = sourcecode.swift; path = WeatherViewController.swift; sourceTree = "<group>"; };
		049856652488A6BA006F1ACD /* FixerViewController.swift */ = {isa = PBXFileReference; lastKnownFileType = sourcecode.swift; path = FixerViewController.swift; sourceTree = "<group>"; };
		04C6A07F2478D0A300F3975E /* Le Baluchon.app */ = {isa = PBXFileReference; explicitFileType = wrapper.application; includeInIndex = 0; path = "Le Baluchon.app"; sourceTree = BUILT_PRODUCTS_DIR; };
		04C6A0822478D0A300F3975E /* AppDelegate.swift */ = {isa = PBXFileReference; lastKnownFileType = sourcecode.swift; path = AppDelegate.swift; sourceTree = "<group>"; };
		04C6A0842478D0A300F3975E /* SceneDelegate.swift */ = {isa = PBXFileReference; lastKnownFileType = sourcecode.swift; path = SceneDelegate.swift; sourceTree = "<group>"; };
		04C6A0892478D0A300F3975E /* Base */ = {isa = PBXFileReference; lastKnownFileType = file.storyboard; name = Base; path = Base.lproj/Main.storyboard; sourceTree = "<group>"; };
		04C6A08B2478D0A600F3975E /* Assets.xcassets */ = {isa = PBXFileReference; lastKnownFileType = folder.assetcatalog; path = Assets.xcassets; sourceTree = "<group>"; };
		04C6A08E2478D0A600F3975E /* Base */ = {isa = PBXFileReference; lastKnownFileType = file.storyboard; name = Base; path = Base.lproj/LaunchScreen.storyboard; sourceTree = "<group>"; };
		04C6A0902478D0A600F3975E /* Info.plist */ = {isa = PBXFileReference; lastKnownFileType = text.plist.xml; path = Info.plist; sourceTree = "<group>"; };
		04D983E2247A712800ED1852 /* WeatherService.swift */ = {isa = PBXFileReference; lastKnownFileType = sourcecode.swift; path = WeatherService.swift; sourceTree = "<group>"; };
		04D983E4247A74B500ED1852 /* WeatherJSON.swift */ = {isa = PBXFileReference; lastKnownFileType = sourcecode.swift; path = WeatherJSON.swift; sourceTree = "<group>"; };
		04D983E6247A76F000ED1852 /* CityData.swift */ = {isa = PBXFileReference; lastKnownFileType = sourcecode.swift; path = CityData.swift; sourceTree = "<group>"; };
		7B40DF1024948270001126D4 /* TranslationService.swift */ = {isa = PBXFileReference; lastKnownFileType = sourcecode.swift; path = TranslationService.swift; sourceTree = "<group>"; };
		7B40DF122495CB57001126D4 /* FixerServiceTestCase.swift */ = {isa = PBXFileReference; lastKnownFileType = sourcecode.swift; path = FixerServiceTestCase.swift; sourceTree = "<group>"; };
		7B463C3824A447A5008CDD70 /* TranslateViewController.swift */ = {isa = PBXFileReference; lastKnownFileType = sourcecode.swift; path = TranslateViewController.swift; sourceTree = "<group>"; };
		7B46CBC124B2DF2300425AAC /* HTTPClient.swift */ = {isa = PBXFileReference; lastKnownFileType = sourcecode.swift; path = HTTPClient.swift; sourceTree = "<group>"; };
		7B4DFA2A248E298F00DE7340 /* WeatherDataTestCase.swift */ = {isa = PBXFileReference; lastKnownFileType = sourcecode.swift; path = WeatherDataTestCase.swift; sourceTree = "<group>"; };
		7B5CE5F524936EE8006B6259 /* Fixer.json */ = {isa = PBXFileReference; lastKnownFileType = text.json; path = Fixer.json; sourceTree = "<group>"; };
		7B5F70D524ACA56C00A3802B /* Translate.json */ = {isa = PBXFileReference; lastKnownFileType = text.json; path = Translate.json; sourceTree = "<group>"; };
		7B5F70D724ACA62700A3802B /* TranslateServiceTestCase.swift */ = {isa = PBXFileReference; lastKnownFileType = sourcecode.swift; path = TranslateServiceTestCase.swift; sourceTree = "<group>"; };
		7B6069EC24ADF15C006EF207 /* HTTPEngine.swift */ = {isa = PBXFileReference; lastKnownFileType = sourcecode.swift; path = HTTPEngine.swift; sourceTree = "<group>"; };
		7B6069EE24AF23C6006EF207 /* Logger.swift */ = {isa = PBXFileReference; lastKnownFileType = sourcecode.swift; path = Logger.swift; sourceTree = "<group>"; };
		7B9EC66724A708E500EEC220 /* TranslateJSON.swift */ = {isa = PBXFileReference; lastKnownFileType = sourcecode.swift; path = TranslateJSON.swift; sourceTree = "<group>"; };
/* End PBXFileReference section */

/* Begin PBXFrameworksBuildPhase section */
		040FD996248685AD00B80C8E /* Frameworks */ = {
			isa = PBXFrameworksBuildPhase;
			buildActionMask = 2147483647;
			files = (
			);
			runOnlyForDeploymentPostprocessing = 0;
		};
		04C6A07C2478D0A300F3975E /* Frameworks */ = {
			isa = PBXFrameworksBuildPhase;
			buildActionMask = 2147483647;
			files = (
			);
			runOnlyForDeploymentPostprocessing = 0;
		};
/* End PBXFrameworksBuildPhase section */

/* Begin PBXGroup section */
		040FD99A248685AD00B80C8E /* Le BaluchonTests */ = {
			isa = PBXGroup;
			children = (
				040FD9A52486865600B80C8E /* FakeResponseData.swift */,
				040FD9A7248686AA00B80C8E /* URLSessionFake.swift */,
				7B40DF122495CB57001126D4 /* FixerServiceTestCase.swift */,
				7B5CE5F524936EE8006B6259 /* Fixer.json */,
				040FD99B248685AD00B80C8E /* WeatherServiceTestCase.swift */,
				7B4DFA2A248E298F00DE7340 /* WeatherDataTestCase.swift */,
				040FD9A32486861500B80C8E /* Weather.json */,
				7B5F70D724ACA62700A3802B /* TranslateServiceTestCase.swift */,
				7B5F70D524ACA56C00A3802B /* Translate.json */,
				040FD99D248685AD00B80C8E /* Info.plist */,
			);
			path = "Le BaluchonTests";
			sourceTree = "<group>";
		};
		04C6A0762478D0A300F3975E = {
			isa = PBXGroup;
			children = (
				04C6A0812478D0A300F3975E /* Le Baluchon */,
				040FD99A248685AD00B80C8E /* Le BaluchonTests */,
				04C6A0802478D0A300F3975E /* Products */,
			);
			sourceTree = "<group>";
		};
		04C6A0802478D0A300F3975E /* Products */ = {
			isa = PBXGroup;
			children = (
				04C6A07F2478D0A300F3975E /* Le Baluchon.app */,
				040FD999248685AD00B80C8E /* Le BaluchonTests */,
			);
			name = Products;
			path = "Le BaluchonTests";
			sourceTree = "<group>";
		};
		04C6A0812478D0A300F3975E /* Le Baluchon */ = {
			isa = PBXGroup;
			children = (
				04C6A0A42478D10400F3975E /* Supporting Files */,
				04C6A0A52478D10800F3975E /* Model */,
				04C6A0A72478D10800F3975E /* View */,
				04C6A0AA2478D69A00F3975E /* Controller */,
			);
			path = "Le Baluchon";
			sourceTree = "<group>";
		};
		04C6A0A42478D10400F3975E /* Supporting Files */ = {
			isa = PBXGroup;
			children = (
				04C6A08D2478D0A600F3975E /* LaunchScreen.storyboard */,
				04C6A08B2478D0A600F3975E /* Assets.xcassets */,
				04C6A0902478D0A600F3975E /* Info.plist */,
				04C6A0842478D0A300F3975E /* SceneDelegate.swift */,
				04C6A0822478D0A300F3975E /* AppDelegate.swift */,
			);
			path = "Supporting Files";
			sourceTree = "<group>";
		};
		04C6A0A52478D10800F3975E /* Model */ = {
			isa = PBXGroup;
			children = (
				7B6069EC24ADF15C006EF207 /* HTTPEngine.swift */,
				7B6069EE24AF23C6006EF207 /* Logger.swift */,
				7B46CBC124B2DF2300425AAC /* HTTPClient.swift */,
				0426BCB92489130D00E48D04 /* FixerJSON.swift */,
				7B9EC66724A708E500EEC220 /* TranslateJSON.swift */,
				04D983E2247A712800ED1852 /* WeatherService.swift */,
				04D983E4247A74B500ED1852 /* WeatherJSON.swift */,
				04D983E6247A76F000ED1852 /* CityData.swift */,
				0426BCB72488FD3E00E48D04 /* FixerService.swift */,
				7B40DF1024948270001126D4 /* TranslationService.swift */,
			);
			path = Model;
			sourceTree = "<group>";
		};
		04C6A0A72478D10800F3975E /* View */ = {
			isa = PBXGroup;
			children = (
				04C6A0882478D0A300F3975E /* Main.storyboard */,
			);
			path = View;
			sourceTree = "<group>";
		};
		04C6A0AA2478D69A00F3975E /* Controller */ = {
			isa = PBXGroup;
			children = (
				049856652488A6BA006F1ACD /* FixerViewController.swift */,
				0495BDF024795DC1000679D9 /* WeatherViewController.swift */,
				7B463C3824A447A5008CDD70 /* TranslateViewController.swift */,
			);
			path = Controller;
			sourceTree = "<group>";
		};
/* End PBXGroup section */

/* Begin PBXNativeTarget section */
		040FD998248685AD00B80C8E /* Le BaluchonTests */ = {
			isa = PBXNativeTarget;
			buildConfigurationList = 040FD9A2248685AD00B80C8E /* Build configuration list for PBXNativeTarget "Le BaluchonTests" */;
			buildPhases = (
				040FD995248685AD00B80C8E /* Sources */,
				040FD996248685AD00B80C8E /* Frameworks */,
				040FD997248685AD00B80C8E /* Resources */,
			);
			buildRules = (
			);
			dependencies = (
				040FD99F248685AD00B80C8E /* PBXTargetDependency */,
			);
			name = "Le BaluchonTests";
			productName = "Le BaluchonTests";
			productReference = 040FD999248685AD00B80C8E /* Le BaluchonTests */;
			productType = "com.apple.product-type.bundle.unit-test";
		};
		04C6A07E2478D0A300F3975E /* Le Baluchon */ = {
			isa = PBXNativeTarget;
			buildConfigurationList = 04C6A09E2478D0A600F3975E /* Build configuration list for PBXNativeTarget "Le Baluchon" */;
			buildPhases = (
				04C6A07B2478D0A300F3975E /* Sources */,
				04C6A07C2478D0A300F3975E /* Frameworks */,
				04C6A07D2478D0A300F3975E /* Resources */,
			);
			buildRules = (
			);
			dependencies = (
			);
			name = "Le Baluchon";
			productName = "Le Baluchon";
			productReference = 04C6A07F2478D0A300F3975E /* Le Baluchon.app */;
			productType = "com.apple.product-type.application";
		};
/* End PBXNativeTarget section */

/* Begin PBXProject section */
		04C6A0772478D0A300F3975E /* Project object */ = {
			isa = PBXProject;
			attributes = {
				LastSwiftUpdateCheck = 1150;
				LastUpgradeCheck = 1150;
				ORGANIZATIONNAME = "Giovanni Gaffé";
				TargetAttributes = {
					040FD998248685AD00B80C8E = {
						CreatedOnToolsVersion = 11.5;
						TestTargetID = 04C6A07E2478D0A300F3975E;
					};
					04C6A07E2478D0A300F3975E = {
						CreatedOnToolsVersion = 11.5;
					};
				};
			};
			buildConfigurationList = 04C6A07A2478D0A300F3975E /* Build configuration list for PBXProject "Le Baluchon" */;
			compatibilityVersion = "Xcode 9.3";
			developmentRegion = en;
			hasScannedForEncodings = 0;
			knownRegions = (
				en,
				Base,
			);
			mainGroup = 04C6A0762478D0A300F3975E;
			productRefGroup = 04C6A0802478D0A300F3975E /* Products */;
			projectDirPath = "";
			projectRoot = "";
			targets = (
				04C6A07E2478D0A300F3975E /* Le Baluchon */,
				040FD998248685AD00B80C8E /* Le BaluchonTests */,
			);
		};
/* End PBXProject section */

/* Begin PBXResourcesBuildPhase section */
		040FD997248685AD00B80C8E /* Resources */ = {
			isa = PBXResourcesBuildPhase;
			buildActionMask = 2147483647;
			files = (
				7B5CE5F624936EE8006B6259 /* Fixer.json in Resources */,
				7B5F70D624ACA56C00A3802B /* Translate.json in Resources */,
				040FD9A42486861500B80C8E /* Weather.json in Resources */,
			);
			runOnlyForDeploymentPostprocessing = 0;
		};
		04C6A07D2478D0A300F3975E /* Resources */ = {
			isa = PBXResourcesBuildPhase;
			buildActionMask = 2147483647;
			files = (
				04C6A08F2478D0A600F3975E /* LaunchScreen.storyboard in Resources */,
				04C6A08C2478D0A600F3975E /* Assets.xcassets in Resources */,
				04C6A08A2478D0A300F3975E /* Main.storyboard in Resources */,
			);
			runOnlyForDeploymentPostprocessing = 0;
		};
/* End PBXResourcesBuildPhase section */

/* Begin PBXSourcesBuildPhase section */
		040FD995248685AD00B80C8E /* Sources */ = {
			isa = PBXSourcesBuildPhase;
			buildActionMask = 2147483647;
			files = (
				040FD99C248685AD00B80C8E /* WeatherServiceTestCase.swift in Sources */,
				7B40DF132495CB57001126D4 /* FixerServiceTestCase.swift in Sources */,
				040FD9A8248686AA00B80C8E /* URLSessionFake.swift in Sources */,
				7B4DFA2B248E298F00DE7340 /* WeatherDataTestCase.swift in Sources */,
				7B5F70D824ACA62700A3802B /* TranslateServiceTestCase.swift in Sources */,
				040FD9A62486865600B80C8E /* FakeResponseData.swift in Sources */,
			);
			runOnlyForDeploymentPostprocessing = 0;
		};
		04C6A07B2478D0A300F3975E /* Sources */ = {
			isa = PBXSourcesBuildPhase;
			buildActionMask = 2147483647;
			files = (
				0495BDF124795DC1000679D9 /* WeatherViewController.swift in Sources */,
				7B40DF1124948270001126D4 /* TranslationService.swift in Sources */,
				7B6069ED24ADF15C006EF207 /* HTTPEngine.swift in Sources */,
				049856662488A6BA006F1ACD /* FixerViewController.swift in Sources */,
				04D983E3247A712800ED1852 /* WeatherService.swift in Sources */,
				04D983E7247A76F000ED1852 /* CityData.swift in Sources */,
				0426BCB82488FD3E00E48D04 /* FixerService.swift in Sources */,
				7B9EC66824A708E500EEC220 /* TranslateJSON.swift in Sources */,
				04C6A0832478D0A300F3975E /* AppDelegate.swift in Sources */,
				7B463C3924A447A5008CDD70 /* TranslateViewController.swift in Sources */,
				0426BCBA2489130D00E48D04 /* FixerJSON.swift in Sources */,
				7B46CBC224B2DF2300425AAC /* HTTPClient.swift in Sources */,
				7B6069EF24AF23C6006EF207 /* Logger.swift in Sources */,
				04D983E5247A74B600ED1852 /* WeatherJSON.swift in Sources */,
				04C6A0852478D0A300F3975E /* SceneDelegate.swift in Sources */,
			);
			runOnlyForDeploymentPostprocessing = 0;
		};
/* End PBXSourcesBuildPhase section */

/* Begin PBXTargetDependency section */
		040FD99F248685AD00B80C8E /* PBXTargetDependency */ = {
			isa = PBXTargetDependency;
			target = 04C6A07E2478D0A300F3975E /* Le Baluchon */;
			targetProxy = 040FD99E248685AD00B80C8E /* PBXContainerItemProxy */;
		};
/* End PBXTargetDependency section */

/* Begin PBXVariantGroup section */
		04C6A0882478D0A300F3975E /* Main.storyboard */ = {
			isa = PBXVariantGroup;
			children = (
				04C6A0892478D0A300F3975E /* Base */,
			);
			name = Main.storyboard;
			sourceTree = "<group>";
		};
		04C6A08D2478D0A600F3975E /* LaunchScreen.storyboard */ = {
			isa = PBXVariantGroup;
			children = (
				04C6A08E2478D0A600F3975E /* Base */,
			);
			name = LaunchScreen.storyboard;
			sourceTree = "<group>";
		};
/* End PBXVariantGroup section */

/* Begin XCBuildConfiguration section */
		040FD9A0248685AD00B80C8E /* Debug */ = {
			isa = XCBuildConfiguration;
			buildSettings = {
				BUNDLE_LOADER = "$(TEST_HOST)";
				CODE_SIGN_STYLE = Automatic;
				DEVELOPMENT_TEAM = 56PJN96NRT;
				INFOPLIST_FILE = "Le BaluchonTests/Info.plist";
				IPHONEOS_DEPLOYMENT_TARGET = 13.5;
				LD_RUNPATH_SEARCH_PATHS = (
					"$(inherited)",
					"@executable_path/Frameworks",
					"@loader_path/Frameworks",
				);
				PRODUCT_BUNDLE_IDENTIFIER = "fr.GiovanniGaffe.Le-BaluchonTests";
				PRODUCT_NAME = "$(TARGET_NAME)";
				SWIFT_VERSION = 5.0;
				TARGETED_DEVICE_FAMILY = "1,2";
				TEST_HOST = "$(BUILT_PRODUCTS_DIR)/Le Baluchon.app/Le Baluchon";
			};
			name = Debug;
		};
		040FD9A1248685AD00B80C8E /* Release */ = {
			isa = XCBuildConfiguration;
			buildSettings = {
				BUNDLE_LOADER = "$(TEST_HOST)";
				CODE_SIGN_STYLE = Automatic;
				DEVELOPMENT_TEAM = 56PJN96NRT;
				INFOPLIST_FILE = "Le BaluchonTests/Info.plist";
				IPHONEOS_DEPLOYMENT_TARGET = 13.5;
				LD_RUNPATH_SEARCH_PATHS = (
					"$(inherited)",
					"@executable_path/Frameworks",
					"@loader_path/Frameworks",
				);
				PRODUCT_BUNDLE_IDENTIFIER = "fr.GiovanniGaffe.Le-BaluchonTests";
				PRODUCT_NAME = "$(TARGET_NAME)";
				SWIFT_VERSION = 5.0;
				TARGETED_DEVICE_FAMILY = "1,2";
				TEST_HOST = "$(BUILT_PRODUCTS_DIR)/Le Baluchon.app/Le Baluchon";
			};
			name = Release;
		};
		04C6A09C2478D0A600F3975E /* Debug */ = {
			isa = XCBuildConfiguration;
			buildSettings = {
				ALWAYS_SEARCH_USER_PATHS = NO;
				CLANG_ANALYZER_NONNULL = YES;
				CLANG_ANALYZER_NUMBER_OBJECT_CONVERSION = YES_AGGRESSIVE;
				CLANG_CXX_LANGUAGE_STANDARD = "gnu++14";
				CLANG_CXX_LIBRARY = "libc++";
				CLANG_ENABLE_MODULES = YES;
				CLANG_ENABLE_OBJC_ARC = YES;
				CLANG_ENABLE_OBJC_WEAK = YES;
				CLANG_WARN_BLOCK_CAPTURE_AUTORELEASING = YES;
				CLANG_WARN_BOOL_CONVERSION = YES;
				CLANG_WARN_COMMA = YES;
				CLANG_WARN_CONSTANT_CONVERSION = YES;
				CLANG_WARN_DEPRECATED_OBJC_IMPLEMENTATIONS = YES;
				CLANG_WARN_DIRECT_OBJC_ISA_USAGE = YES_ERROR;
				CLANG_WARN_DOCUMENTATION_COMMENTS = YES;
				CLANG_WARN_EMPTY_BODY = YES;
				CLANG_WARN_ENUM_CONVERSION = YES;
				CLANG_WARN_INFINITE_RECURSION = YES;
				CLANG_WARN_INT_CONVERSION = YES;
				CLANG_WARN_NON_LITERAL_NULL_CONVERSION = YES;
				CLANG_WARN_OBJC_IMPLICIT_RETAIN_SELF = YES;
				CLANG_WARN_OBJC_LITERAL_CONVERSION = YES;
				CLANG_WARN_OBJC_ROOT_CLASS = YES_ERROR;
				CLANG_WARN_RANGE_LOOP_ANALYSIS = YES;
				CLANG_WARN_STRICT_PROTOTYPES = YES;
				CLANG_WARN_SUSPICIOUS_MOVE = YES;
				CLANG_WARN_UNGUARDED_AVAILABILITY = YES_AGGRESSIVE;
				CLANG_WARN_UNREACHABLE_CODE = YES;
				CLANG_WARN__DUPLICATE_METHOD_MATCH = YES;
				COPY_PHASE_STRIP = NO;
				DEBUG_INFORMATION_FORMAT = dwarf;
				ENABLE_STRICT_OBJC_MSGSEND = YES;
				ENABLE_TESTABILITY = YES;
				GCC_C_LANGUAGE_STANDARD = gnu11;
				GCC_DYNAMIC_NO_PIC = NO;
				GCC_NO_COMMON_BLOCKS = YES;
				GCC_OPTIMIZATION_LEVEL = 0;
				GCC_PREPROCESSOR_DEFINITIONS = (
					"DEBUG=1",
					"$(inherited)",
				);
				GCC_WARN_64_TO_32_BIT_CONVERSION = YES;
				GCC_WARN_ABOUT_RETURN_TYPE = YES_ERROR;
				GCC_WARN_UNDECLARED_SELECTOR = YES;
				GCC_WARN_UNINITIALIZED_AUTOS = YES_AGGRESSIVE;
				GCC_WARN_UNUSED_FUNCTION = YES;
				GCC_WARN_UNUSED_VARIABLE = YES;
				IPHONEOS_DEPLOYMENT_TARGET = 11.0;
				MTL_ENABLE_DEBUG_INFO = INCLUDE_SOURCE;
				MTL_FAST_MATH = YES;
				ONLY_ACTIVE_ARCH = YES;
				SDKROOT = iphoneos;
				SWIFT_ACTIVE_COMPILATION_CONDITIONS = DEBUG;
				SWIFT_OPTIMIZATION_LEVEL = "-Onone";
			};
			name = Debug;
		};
		04C6A09D2478D0A600F3975E /* Release */ = {
			isa = XCBuildConfiguration;
			buildSettings = {
				ALWAYS_SEARCH_USER_PATHS = NO;
				CLANG_ANALYZER_NONNULL = YES;
				CLANG_ANALYZER_NUMBER_OBJECT_CONVERSION = YES_AGGRESSIVE;
				CLANG_CXX_LANGUAGE_STANDARD = "gnu++14";
				CLANG_CXX_LIBRARY = "libc++";
				CLANG_ENABLE_MODULES = YES;
				CLANG_ENABLE_OBJC_ARC = YES;
				CLANG_ENABLE_OBJC_WEAK = YES;
				CLANG_WARN_BLOCK_CAPTURE_AUTORELEASING = YES;
				CLANG_WARN_BOOL_CONVERSION = YES;
				CLANG_WARN_COMMA = YES;
				CLANG_WARN_CONSTANT_CONVERSION = YES;
				CLANG_WARN_DEPRECATED_OBJC_IMPLEMENTATIONS = YES;
				CLANG_WARN_DIRECT_OBJC_ISA_USAGE = YES_ERROR;
				CLANG_WARN_DOCUMENTATION_COMMENTS = YES;
				CLANG_WARN_EMPTY_BODY = YES;
				CLANG_WARN_ENUM_CONVERSION = YES;
				CLANG_WARN_INFINITE_RECURSION = YES;
				CLANG_WARN_INT_CONVERSION = YES;
				CLANG_WARN_NON_LITERAL_NULL_CONVERSION = YES;
				CLANG_WARN_OBJC_IMPLICIT_RETAIN_SELF = YES;
				CLANG_WARN_OBJC_LITERAL_CONVERSION = YES;
				CLANG_WARN_OBJC_ROOT_CLASS = YES_ERROR;
				CLANG_WARN_RANGE_LOOP_ANALYSIS = YES;
				CLANG_WARN_STRICT_PROTOTYPES = YES;
				CLANG_WARN_SUSPICIOUS_MOVE = YES;
				CLANG_WARN_UNGUARDED_AVAILABILITY = YES_AGGRESSIVE;
				CLANG_WARN_UNREACHABLE_CODE = YES;
				CLANG_WARN__DUPLICATE_METHOD_MATCH = YES;
				COPY_PHASE_STRIP = NO;
				DEBUG_INFORMATION_FORMAT = "dwarf-with-dsym";
				ENABLE_NS_ASSERTIONS = NO;
				ENABLE_STRICT_OBJC_MSGSEND = YES;
				GCC_C_LANGUAGE_STANDARD = gnu11;
				GCC_NO_COMMON_BLOCKS = YES;
				GCC_WARN_64_TO_32_BIT_CONVERSION = YES;
				GCC_WARN_ABOUT_RETURN_TYPE = YES_ERROR;
				GCC_WARN_UNDECLARED_SELECTOR = YES;
				GCC_WARN_UNINITIALIZED_AUTOS = YES_AGGRESSIVE;
				GCC_WARN_UNUSED_FUNCTION = YES;
				GCC_WARN_UNUSED_VARIABLE = YES;
				IPHONEOS_DEPLOYMENT_TARGET = 11.0;
				MTL_ENABLE_DEBUG_INFO = NO;
				MTL_FAST_MATH = YES;
				SDKROOT = iphoneos;
				SWIFT_COMPILATION_MODE = wholemodule;
				SWIFT_OPTIMIZATION_LEVEL = "-O";
				VALIDATE_PRODUCT = YES;
			};
			name = Release;
		};
		04C6A09F2478D0A600F3975E /* Debug */ = {
			isa = XCBuildConfiguration;
			buildSettings = {
				ASSETCATALOG_COMPILER_APPICON_NAME = AppIcon;
				CODE_SIGN_STYLE = Automatic;
				DEVELOPMENT_TEAM = 56PJN96NRT;
				INFOPLIST_FILE = "Le Baluchon/Supporting Files/Info.plist";
				IPHONEOS_DEPLOYMENT_TARGET = 11.0;
				LD_RUNPATH_SEARCH_PATHS = (
					"$(inherited)",
					"@executable_path/Frameworks",
				);
				PRODUCT_BUNDLE_IDENTIFIER = "fr.GiovanniGaffe.Le-Baluchon";
				PRODUCT_NAME = "$(TARGET_NAME)";
				SWIFT_VERSION = 5.0;
				TARGETED_DEVICE_FAMILY = "1,2";
			};
			name = Debug;
		};
		04C6A0A02478D0A600F3975E /* Release */ = {
			isa = XCBuildConfiguration;
			buildSettings = {
				ASSETCATALOG_COMPILER_APPICON_NAME = AppIcon;
				CODE_SIGN_STYLE = Automatic;
				DEVELOPMENT_TEAM = 56PJN96NRT;
				INFOPLIST_FILE = "Le Baluchon/Supporting Files/Info.plist";
				IPHONEOS_DEPLOYMENT_TARGET = 11.0;
				LD_RUNPATH_SEARCH_PATHS = (
					"$(inherited)",
					"@executable_path/Frameworks",
				);
				PRODUCT_BUNDLE_IDENTIFIER = "fr.GiovanniGaffe.Le-Baluchon";
				PRODUCT_NAME = "$(TARGET_NAME)";
				SWIFT_VERSION = 5.0;
				TARGETED_DEVICE_FAMILY = "1,2";
			};
			name = Release;
		};
/* End XCBuildConfiguration section */

/* Begin XCConfigurationList section */
		040FD9A2248685AD00B80C8E /* Build configuration list for PBXNativeTarget "Le BaluchonTests" */ = {
			isa = XCConfigurationList;
			buildConfigurations = (
				040FD9A0248685AD00B80C8E /* Debug */,
				040FD9A1248685AD00B80C8E /* Release */,
			);
			defaultConfigurationIsVisible = 0;
			defaultConfigurationName = Release;
		};
		04C6A07A2478D0A300F3975E /* Build configuration list for PBXProject "Le Baluchon" */ = {
			isa = XCConfigurationList;
			buildConfigurations = (
				04C6A09C2478D0A600F3975E /* Debug */,
				04C6A09D2478D0A600F3975E /* Release */,
			);
			defaultConfigurationIsVisible = 0;
			defaultConfigurationName = Release;
		};
		04C6A09E2478D0A600F3975E /* Build configuration list for PBXNativeTarget "Le Baluchon" */ = {
			isa = XCConfigurationList;
			buildConfigurations = (
				04C6A09F2478D0A600F3975E /* Debug */,
				04C6A0A02478D0A600F3975E /* Release */,
			);
			defaultConfigurationIsVisible = 0;
			defaultConfigurationName = Release;
		};
/* End XCConfigurationList section */
	};
	rootObject = 04C6A0772478D0A300F3975E /* Project object */;
}
